// !$*UTF8*$!
{
	archiveVersion = 1;
	classes = {
	};
	objectVersion = 55;
	objects = {

/* Begin PBXBuildFile section */
		B135F9B727BFCDA100521EAD /* AppDelegate.swift in Sources */ = {isa = PBXBuildFile; fileRef = B135F9B627BFCDA100521EAD /* AppDelegate.swift */; };
		B135F9B927BFCDA100521EAD /* SceneDelegate.swift in Sources */ = {isa = PBXBuildFile; fileRef = B135F9B827BFCDA100521EAD /* SceneDelegate.swift */; };
		B135F9BB27BFCDA100521EAD /* MainViewController.swift in Sources */ = {isa = PBXBuildFile; fileRef = B135F9BA27BFCDA100521EAD /* MainViewController.swift */; };
		B135F9BE27BFCDA100521EAD /* Main.storyboard in Resources */ = {isa = PBXBuildFile; fileRef = B135F9BC27BFCDA100521EAD /* Main.storyboard */; };
		B135F9C027BFCDA400521EAD /* Assets.xcassets in Resources */ = {isa = PBXBuildFile; fileRef = B135F9BF27BFCDA400521EAD /* Assets.xcassets */; };
		B135F9C327BFCDA400521EAD /* LaunchScreen.storyboard in Resources */ = {isa = PBXBuildFile; fileRef = B135F9C127BFCDA400521EAD /* LaunchScreen.storyboard */; };
		B135F9EB27BFCDFD00521EAD /* SecondViewController.swift in Sources */ = {isa = PBXBuildFile; fileRef = B135F9EA27BFCDFD00521EAD /* SecondViewController.swift */; };
		B135F9EF27BFE17D00521EAD /* SecondViewControllerTest.swift in Sources */ = {isa = PBXBuildFile; fileRef = B135F9EE27BFE17D00521EAD /* SecondViewControllerTest.swift */; };
		B135F9F227BFEF7D00521EAD /* MainViewController.swift in Sources */ = {isa = PBXBuildFile; fileRef = B135F9F127BFEF7D00521EAD /* MainViewController.swift */; };
/* End PBXBuildFile section */

/* Begin PBXContainerItemProxy section */
		B135F9CA27BFCDA400521EAD /* PBXContainerItemProxy */ = {
			isa = PBXContainerItemProxy;
			containerPortal = B135F9AB27BFCDA100521EAD /* Project object */;
			proxyType = 1;
			remoteGlobalIDString = B135F9B227BFCDA100521EAD;
			remoteInfo = SwiftUnitLayoutTest;
		};
/* End PBXContainerItemProxy section */

/* Begin PBXFileReference section */
		B135F9B327BFCDA100521EAD /* SwiftUnitLayoutTest.app */ = {isa = PBXFileReference; explicitFileType = wrapper.application; includeInIndex = 0; path = SwiftUnitLayoutTest.app; sourceTree = BUILT_PRODUCTS_DIR; };
		B135F9B627BFCDA100521EAD /* AppDelegate.swift */ = {isa = PBXFileReference; lastKnownFileType = sourcecode.swift; path = AppDelegate.swift; sourceTree = "<group>"; };
		B135F9B827BFCDA100521EAD /* SceneDelegate.swift */ = {isa = PBXFileReference; lastKnownFileType = sourcecode.swift; path = SceneDelegate.swift; sourceTree = "<group>"; };
		B135F9BA27BFCDA100521EAD /* MainViewController.swift */ = {isa = PBXFileReference; lastKnownFileType = sourcecode.swift; path = MainViewController.swift; sourceTree = "<group>"; };
		B135F9BD27BFCDA100521EAD /* Base */ = {isa = PBXFileReference; lastKnownFileType = file.storyboard; name = Base; path = Base.lproj/Main.storyboard; sourceTree = "<group>"; };
		B135F9BF27BFCDA400521EAD /* Assets.xcassets */ = {isa = PBXFileReference; lastKnownFileType = folder.assetcatalog; path = Assets.xcassets; sourceTree = "<group>"; };
		B135F9C227BFCDA400521EAD /* Base */ = {isa = PBXFileReference; lastKnownFileType = file.storyboard; name = Base; path = Base.lproj/LaunchScreen.storyboard; sourceTree = "<group>"; };
		B135F9C427BFCDA400521EAD /* Info.plist */ = {isa = PBXFileReference; lastKnownFileType = text.plist.xml; path = Info.plist; sourceTree = "<group>"; };
		B135F9C927BFCDA400521EAD /* SwiftUnitLayoutTestTests.xctest */ = {isa = PBXFileReference; explicitFileType = wrapper.cfbundle; includeInIndex = 0; path = SwiftUnitLayoutTestTests.xctest; sourceTree = BUILT_PRODUCTS_DIR; };
		B135F9EA27BFCDFD00521EAD /* SecondViewController.swift */ = {isa = PBXFileReference; lastKnownFileType = sourcecode.swift; path = SecondViewController.swift; sourceTree = "<group>"; };
		B135F9EE27BFE17D00521EAD /* SecondViewControllerTest.swift */ = {isa = PBXFileReference; lastKnownFileType = sourcecode.swift; path = SecondViewControllerTest.swift; sourceTree = "<group>"; };
		B135F9F127BFEF7D00521EAD /* MainViewController.swift */ = {isa = PBXFileReference; lastKnownFileType = sourcecode.swift; path = MainViewController.swift; sourceTree = "<group>"; };
/* End PBXFileReference section */

/* Begin PBXFrameworksBuildPhase section */
		B135F9B027BFCDA100521EAD /* Frameworks */ = {
			isa = PBXFrameworksBuildPhase;
			buildActionMask = 2147483647;
			files = (
			);
			runOnlyForDeploymentPostprocessing = 0;
		};
		B135F9C627BFCDA400521EAD /* Frameworks */ = {
			isa = PBXFrameworksBuildPhase;
			buildActionMask = 2147483647;
			files = (
			);
			runOnlyForDeploymentPostprocessing = 0;
		};
/* End PBXFrameworksBuildPhase section */

/* Begin PBXGroup section */
		B135F9AA27BFCDA100521EAD = {
			isa = PBXGroup;
			children = (
				B135F9B527BFCDA100521EAD /* SwiftUnitLayoutTest */,
				B135F9CC27BFCDA400521EAD /* SwiftUnitLayoutTestTests */,
				B135F9B427BFCDA100521EAD /* Products */,
			);
			sourceTree = "<group>";
		};
		B135F9B427BFCDA100521EAD /* Products */ = {
			isa = PBXGroup;
			children = (
				B135F9B327BFCDA100521EAD /* SwiftUnitLayoutTest.app */,
				B135F9C927BFCDA400521EAD /* SwiftUnitLayoutTestTests.xctest */,
			);
			name = Products;
			sourceTree = "<group>";
		};
		B135F9B527BFCDA100521EAD /* SwiftUnitLayoutTest */ = {
			isa = PBXGroup;
			children = (
				B135F9E727BFCDD000521EAD /* Scene */,
				B135F9E627BFCDBB00521EAD /* Defaults */,
				B135F9C427BFCDA400521EAD /* Info.plist */,
			);
			path = SwiftUnitLayoutTest;
			sourceTree = "<group>";
		};
		B135F9CC27BFCDA400521EAD /* SwiftUnitLayoutTestTests */ = {
			isa = PBXGroup;
			children = (
				B135F9EE27BFE17D00521EAD /* SecondViewControllerTest.swift */,
				B135F9F127BFEF7D00521EAD /* MainViewController.swift */,
			);
			path = SwiftUnitLayoutTestTests;
			sourceTree = "<group>";
		};
		B135F9E627BFCDBB00521EAD /* Defaults */ = {
			isa = PBXGroup;
			children = (
				B135F9B627BFCDA100521EAD /* AppDelegate.swift */,
				B135F9B827BFCDA100521EAD /* SceneDelegate.swift */,
				B135F9BF27BFCDA400521EAD /* Assets.xcassets */,
				B135F9C127BFCDA400521EAD /* LaunchScreen.storyboard */,
			);
			path = Defaults;
			sourceTree = "<group>";
		};
		B135F9E727BFCDD000521EAD /* Scene */ = {
			isa = PBXGroup;
			children = (
				B135F9E927BFCDF200521EAD /* Second */,
				B135F9E827BFCDD800521EAD /* Main */,
			);
			path = Scene;
			sourceTree = "<group>";
		};
		B135F9E827BFCDD800521EAD /* Main */ = {
			isa = PBXGroup;
			children = (
				B135F9BA27BFCDA100521EAD /* MainViewController.swift */,
				B135F9BC27BFCDA100521EAD /* Main.storyboard */,
			);
			path = Main;
			sourceTree = "<group>";
		};
		B135F9E927BFCDF200521EAD /* Second */ = {
			isa = PBXGroup;
			children = (
				B135F9EA27BFCDFD00521EAD /* SecondViewController.swift */,
			);
			path = Second;
			sourceTree = "<group>";
		};
/* End PBXGroup section */

/* Begin PBXNativeTarget section */
		B135F9B227BFCDA100521EAD /* SwiftUnitLayoutTest */ = {
			isa = PBXNativeTarget;
			buildConfigurationList = B135F9DD27BFCDA400521EAD /* Build configuration list for PBXNativeTarget "SwiftUnitLayoutTest" */;
			buildPhases = (
				B135F9AF27BFCDA100521EAD /* Sources */,
				B135F9B027BFCDA100521EAD /* Frameworks */,
				B135F9B127BFCDA100521EAD /* Resources */,
			);
			buildRules = (
			);
			dependencies = (
			);
			name = SwiftUnitLayoutTest;
			productName = SwiftUnitLayoutTest;
			productReference = B135F9B327BFCDA100521EAD /* SwiftUnitLayoutTest.app */;
			productType = "com.apple.product-type.application";
		};
		B135F9C827BFCDA400521EAD /* SwiftUnitLayoutTestTests */ = {
			isa = PBXNativeTarget;
			buildConfigurationList = B135F9E027BFCDA400521EAD /* Build configuration list for PBXNativeTarget "SwiftUnitLayoutTestTests" */;
			buildPhases = (
				B135F9C527BFCDA400521EAD /* Sources */,
				B135F9C627BFCDA400521EAD /* Frameworks */,
				B135F9C727BFCDA400521EAD /* Resources */,
			);
			buildRules = (
			);
			dependencies = (
				B135F9CB27BFCDA400521EAD /* PBXTargetDependency */,
			);
			name = SwiftUnitLayoutTestTests;
			productName = SwiftUnitLayoutTestTests;
			productReference = B135F9C927BFCDA400521EAD /* SwiftUnitLayoutTestTests.xctest */;
			productType = "com.apple.product-type.bundle.unit-test";
		};
/* End PBXNativeTarget section */

/* Begin PBXProject section */
		B135F9AB27BFCDA100521EAD /* Project object */ = {
			isa = PBXProject;
			attributes = {
				BuildIndependentTargetsInParallel = 1;
				LastSwiftUpdateCheck = 1310;
				LastUpgradeCheck = 1310;
				TargetAttributes = {
					B135F9B227BFCDA100521EAD = {
						CreatedOnToolsVersion = 13.1;
					};
					B135F9C827BFCDA400521EAD = {
						CreatedOnToolsVersion = 13.1;
						TestTargetID = B135F9B227BFCDA100521EAD;
					};
				};
			};
			buildConfigurationList = B135F9AE27BFCDA100521EAD /* Build configuration list for PBXProject "SwiftUnitLayoutTest" */;
			compatibilityVersion = "Xcode 13.0";
			developmentRegion = en;
			hasScannedForEncodings = 0;
			knownRegions = (
				en,
				Base,
			);
			mainGroup = B135F9AA27BFCDA100521EAD;
			productRefGroup = B135F9B427BFCDA100521EAD /* Products */;
			projectDirPath = "";
			projectRoot = "";
			targets = (
				B135F9B227BFCDA100521EAD /* SwiftUnitLayoutTest */,
				B135F9C827BFCDA400521EAD /* SwiftUnitLayoutTestTests */,
			);
		};
/* End PBXProject section */

/* Begin PBXResourcesBuildPhase section */
		B135F9B127BFCDA100521EAD /* Resources */ = {
			isa = PBXResourcesBuildPhase;
			buildActionMask = 2147483647;
			files = (
				B135F9C327BFCDA400521EAD /* LaunchScreen.storyboard in Resources */,
				B135F9C027BFCDA400521EAD /* Assets.xcassets in Resources */,
				B135F9BE27BFCDA100521EAD /* Main.storyboard in Resources */,
			);
			runOnlyForDeploymentPostprocessing = 0;
		};
		B135F9C727BFCDA400521EAD /* Resources */ = {
			isa = PBXResourcesBuildPhase;
			buildActionMask = 2147483647;
			files = (
			);
			runOnlyForDeploymentPostprocessing = 0;
		};
/* End PBXResourcesBuildPhase section */

/* Begin PBXSourcesBuildPhase section */
		B135F9AF27BFCDA100521EAD /* Sources */ = {
			isa = PBXSourcesBuildPhase;
			buildActionMask = 2147483647;
			files = (
				B135F9EB27BFCDFD00521EAD /* SecondViewController.swift in Sources */,
				B135F9BB27BFCDA100521EAD /* MainViewController.swift in Sources */,
				B135F9B727BFCDA100521EAD /* AppDelegate.swift in Sources */,
				B135F9B927BFCDA100521EAD /* SceneDelegate.swift in Sources */,
			);
			runOnlyForDeploymentPostprocessing = 0;
		};
		B135F9C527BFCDA400521EAD /* Sources */ = {
			isa = PBXSourcesBuildPhase;
			buildActionMask = 2147483647;
			files = (
				B135F9EF27BFE17D00521EAD /* SecondViewControllerTest.swift in Sources */,
				B135F9F227BFEF7D00521EAD /* MainViewController.swift in Sources */,
			);
			runOnlyForDeploymentPostprocessing = 0;
		};
/* End PBXSourcesBuildPhase section */

/* Begin PBXTargetDependency section */
		B135F9CB27BFCDA400521EAD /* PBXTargetDependency */ = {
			isa = PBXTargetDependency;
			target = B135F9B227BFCDA100521EAD /* SwiftUnitLayoutTest */;
			targetProxy = B135F9CA27BFCDA400521EAD /* PBXContainerItemProxy */;
		};
/* End PBXTargetDependency section */

/* Begin PBXVariantGroup section */
		B135F9BC27BFCDA100521EAD /* Main.storyboard */ = {
			isa = PBXVariantGroup;
			children = (
				B135F9BD27BFCDA100521EAD /* Base */,
			);
			name = Main.storyboard;
			sourceTree = "<group>";
		};
		B135F9C127BFCDA400521EAD /* LaunchScreen.storyboard */ = {
			isa = PBXVariantGroup;
			children = (
				B135F9C227BFCDA400521EAD /* Base */,
			);
			name = LaunchScreen.storyboard;
			sourceTree = "<group>";
		};
/* End PBXVariantGroup section */

/* Begin XCBuildConfiguration section */
		B135F9DB27BFCDA400521EAD /* Debug */ = {
			isa = XCBuildConfiguration;
			buildSettings = {
				ALWAYS_SEARCH_USER_PATHS = NO;
				CLANG_ANALYZER_NONNULL = YES;
				CLANG_ANALYZER_NUMBER_OBJECT_CONVERSION = YES_AGGRESSIVE;
				CLANG_CXX_LANGUAGE_STANDARD = "gnu++17";
				CLANG_CXX_LIBRARY = "libc++";
				CLANG_ENABLE_MODULES = YES;
				CLANG_ENABLE_OBJC_ARC = YES;
				CLANG_ENABLE_OBJC_WEAK = YES;
				CLANG_WARN_BLOCK_CAPTURE_AUTORELEASING = YES;
				CLANG_WARN_BOOL_CONVERSION = YES;
				CLANG_WARN_COMMA = YES;
				CLANG_WARN_CONSTANT_CONVERSION = YES;
				CLANG_WARN_DEPRECATED_OBJC_IMPLEMENTATIONS = YES;
				CLANG_WARN_DIRECT_OBJC_ISA_USAGE = YES_ERROR;
				CLANG_WARN_DOCUMENTATION_COMMENTS = YES;
				CLANG_WARN_EMPTY_BODY = YES;
				CLANG_WARN_ENUM_CONVERSION = YES;
				CLANG_WARN_INFINITE_RECURSION = YES;
				CLANG_WARN_INT_CONVERSION = YES;
				CLANG_WARN_NON_LITERAL_NULL_CONVERSION = YES;
				CLANG_WARN_OBJC_IMPLICIT_RETAIN_SELF = YES;
				CLANG_WARN_OBJC_LITERAL_CONVERSION = YES;
				CLANG_WARN_OBJC_ROOT_CLASS = YES_ERROR;
				CLANG_WARN_QUOTED_INCLUDE_IN_FRAMEWORK_HEADER = YES;
				CLANG_WARN_RANGE_LOOP_ANALYSIS = YES;
				CLANG_WARN_STRICT_PROTOTYPES = YES;
				CLANG_WARN_SUSPICIOUS_MOVE = YES;
				CLANG_WARN_UNGUARDED_AVAILABILITY = YES_AGGRESSIVE;
				CLANG_WARN_UNREACHABLE_CODE = YES;
				CLANG_WARN__DUPLICATE_METHOD_MATCH = YES;
				COPY_PHASE_STRIP = NO;
				DEBUG_INFORMATION_FORMAT = dwarf;
				ENABLE_STRICT_OBJC_MSGSEND = YES;
				ENABLE_TESTABILITY = YES;
				GCC_C_LANGUAGE_STANDARD = gnu11;
				GCC_DYNAMIC_NO_PIC = NO;
				GCC_NO_COMMON_BLOCKS = YES;
				GCC_OPTIMIZATION_LEVEL = 0;
				GCC_PREPROCESSOR_DEFINITIONS = (
					"DEBUG=1",
					"$(inherited)",
				);
				GCC_WARN_64_TO_32_BIT_CONVERSION = YES;
				GCC_WARN_ABOUT_RETURN_TYPE = YES_ERROR;
				GCC_WARN_UNDECLARED_SELECTOR = YES;
				GCC_WARN_UNINITIALIZED_AUTOS = YES_AGGRESSIVE;
				GCC_WARN_UNUSED_FUNCTION = YES;
				GCC_WARN_UNUSED_VARIABLE = YES;
				IPHONEOS_DEPLOYMENT_TARGET = 15.0;
				MTL_ENABLE_DEBUG_INFO = INCLUDE_SOURCE;
				MTL_FAST_MATH = YES;
				ONLY_ACTIVE_ARCH = YES;
				SDKROOT = iphoneos;
				SWIFT_ACTIVE_COMPILATION_CONDITIONS = DEBUG;
				SWIFT_OPTIMIZATION_LEVEL = "-Onone";
			};
			name = Debug;
		};
		B135F9DC27BFCDA400521EAD /* Release */ = {
			isa = XCBuildConfiguration;
			buildSettings = {
				ALWAYS_SEARCH_USER_PATHS = NO;
				CLANG_ANALYZER_NONNULL = YES;
				CLANG_ANALYZER_NUMBER_OBJECT_CONVERSION = YES_AGGRESSIVE;
				CLANG_CXX_LANGUAGE_STANDARD = "gnu++17";
				CLANG_CXX_LIBRARY = "libc++";
				CLANG_ENABLE_MODULES = YES;
				CLANG_ENABLE_OBJC_ARC = YES;
				CLANG_ENABLE_OBJC_WEAK = YES;
				CLANG_WARN_BLOCK_CAPTURE_AUTORELEASING = YES;
				CLANG_WARN_BOOL_CONVERSION = YES;
				CLANG_WARN_COMMA = YES;
				CLANG_WARN_CONSTANT_CONVERSION = YES;
				CLANG_WARN_DEPRECATED_OBJC_IMPLEMENTATIONS = YES;
				CLANG_WARN_DIRECT_OBJC_ISA_USAGE = YES_ERROR;
				CLANG_WARN_DOCUMENTATION_COMMENTS = YES;
				CLANG_WARN_EMPTY_BODY = YES;
				CLANG_WARN_ENUM_CONVERSION = YES;
				CLANG_WARN_INFINITE_RECURSION = YES;
				CLANG_WARN_INT_CONVERSION = YES;
				CLANG_WARN_NON_LITERAL_NULL_CONVERSION = YES;
				CLANG_WARN_OBJC_IMPLICIT_RETAIN_SELF = YES;
				CLANG_WARN_OBJC_LITERAL_CONVERSION = YES;
				CLANG_WARN_OBJC_ROOT_CLASS = YES_ERROR;
				CLANG_WARN_QUOTED_INCLUDE_IN_FRAMEWORK_HEADER = YES;
				CLANG_WARN_RANGE_LOOP_ANALYSIS = YES;
				CLANG_WARN_STRICT_PROTOTYPES = YES;
				CLANG_WARN_SUSPICIOUS_MOVE = YES;
				CLANG_WARN_UNGUARDED_AVAILABILITY = YES_AGGRESSIVE;
				CLANG_WARN_UNREACHABLE_CODE = YES;
				CLANG_WARN__DUPLICATE_METHOD_MATCH = YES;
				COPY_PHASE_STRIP = NO;
				DEBUG_INFORMATION_FORMAT = "dwarf-with-dsym";
				ENABLE_NS_ASSERTIONS = NO;
				ENABLE_STRICT_OBJC_MSGSEND = YES;
				GCC_C_LANGUAGE_STANDARD = gnu11;
				GCC_NO_COMMON_BLOCKS = YES;
				GCC_WARN_64_TO_32_BIT_CONVERSION = YES;
				GCC_WARN_ABOUT_RETURN_TYPE = YES_ERROR;
				GCC_WARN_UNDECLARED_SELECTOR = YES;
				GCC_WARN_UNINITIALIZED_AUTOS = YES_AGGRESSIVE;
				GCC_WARN_UNUSED_FUNCTION = YES;
				GCC_WARN_UNUSED_VARIABLE = YES;
				IPHONEOS_DEPLOYMENT_TARGET = 15.0;
				MTL_ENABLE_DEBUG_INFO = NO;
				MTL_FAST_MATH = YES;
				SDKROOT = iphoneos;
				SWIFT_COMPILATION_MODE = wholemodule;
				SWIFT_OPTIMIZATION_LEVEL = "-O";
				VALIDATE_PRODUCT = YES;
			};
			name = Release;
		};
		B135F9DE27BFCDA400521EAD /* Debug */ = {
			isa = XCBuildConfiguration;
			buildSettings = {
				ASSETCATALOG_COMPILER_APPICON_NAME = AppIcon;
				ASSETCATALOG_COMPILER_GLOBAL_ACCENT_COLOR_NAME = AccentColor;
				CODE_SIGN_STYLE = Automatic;
				CURRENT_PROJECT_VERSION = 1;
				DEVELOPMENT_TEAM = Y487CY958A;
				GENERATE_INFOPLIST_FILE = YES;
				INFOPLIST_FILE = SwiftUnitLayoutTest/Info.plist;
				INFOPLIST_KEY_UIApplicationSupportsIndirectInputEvents = YES;
				INFOPLIST_KEY_UILaunchStoryboardName = LaunchScreen;
				INFOPLIST_KEY_UIMainStoryboardFile = Main;
				INFOPLIST_KEY_UISupportedInterfaceOrientations_iPad = "UIInterfaceOrientationPortrait UIInterfaceOrientationPortraitUpsideDown UIInterfaceOrientationLandscapeLeft UIInterfaceOrientationLandscapeRight";
				INFOPLIST_KEY_UISupportedInterfaceOrientations_iPhone = "UIInterfaceOrientationPortrait UIInterfaceOrientationLandscapeLeft UIInterfaceOrientationLandscapeRight";
				LD_RUNPATH_SEARCH_PATHS = (
					"$(inherited)",
					"@executable_path/Frameworks",
				);
				MARKETING_VERSION = 1.0;
				PRODUCT_BUNDLE_IDENTIFIER = PaoloProdossimoLopes.SwiftUnitLayoutTest;
				PRODUCT_NAME = "$(TARGET_NAME)";
				SWIFT_EMIT_LOC_STRINGS = YES;
				SWIFT_VERSION = 5.0;
				TARGETED_DEVICE_FAMILY = "1,2";
			};
			name = Debug;
		};
		B135F9DF27BFCDA400521EAD /* Release */ = {
			isa = XCBuildConfiguration;
			buildSettings = {
				ASSETCATALOG_COMPILER_APPICON_NAME = AppIcon;
				ASSETCATALOG_COMPILER_GLOBAL_ACCENT_COLOR_NAME = AccentColor;
				CODE_SIGN_STYLE = Automatic;
				CURRENT_PROJECT_VERSION = 1;
				DEVELOPMENT_TEAM = Y487CY958A;
				GENERATE_INFOPLIST_FILE = YES;
				INFOPLIST_FILE = SwiftUnitLayoutTest/Info.plist;
				INFOPLIST_KEY_UIApplicationSupportsIndirectInputEvents = YES;
				INFOPLIST_KEY_UILaunchStoryboardName = LaunchScreen;
				INFOPLIST_KEY_UIMainStoryboardFile = Main;
				INFOPLIST_KEY_UISupportedInterfaceOrientations_iPad = "UIInterfaceOrientationPortrait UIInterfaceOrientationPortraitUpsideDown UIInterfaceOrientationLandscapeLeft UIInterfaceOrientationLandscapeRight";
				INFOPLIST_KEY_UISupportedInterfaceOrientations_iPhone = "UIInterfaceOrientationPortrait UIInterfaceOrientationLandscapeLeft UIInterfaceOrientationLandscapeRight";
				LD_RUNPATH_SEARCH_PATHS = (
					"$(inherited)",
					"@executable_path/Frameworks",
				);
				MARKETING_VERSION = 1.0;
				PRODUCT_BUNDLE_IDENTIFIER = PaoloProdossimoLopes.SwiftUnitLayoutTest;
				PRODUCT_NAME = "$(TARGET_NAME)";
				SWIFT_EMIT_LOC_STRINGS = YES;
				SWIFT_VERSION = 5.0;
				TARGETED_DEVICE_FAMILY = "1,2";
			};
			name = Release;
		};
		B135F9E127BFCDA400521EAD /* Debug */ = {
			isa = XCBuildConfiguration;
			buildSettings = {
				ALWAYS_EMBED_SWIFT_STANDARD_LIBRARIES = YES;
				BUNDLE_LOADER = "$(TEST_HOST)";
				CODE_SIGN_STYLE = Automatic;
				CURRENT_PROJECT_VERSION = 1;
				DEVELOPMENT_TEAM = Y487CY958A;
				GENERATE_INFOPLIST_FILE = YES;
				IPHONEOS_DEPLOYMENT_TARGET = 15.0;
				LD_RUNPATH_SEARCH_PATHS = (
					"$(inherited)",
					"@executable_path/Frameworks",
					"@loader_path/Frameworks",
				);
				MARKETING_VERSION = 1.0;
				PRODUCT_BUNDLE_IDENTIFIER = PaoloProdossimoLopes.SwiftUnitLayoutTestTests;
				PRODUCT_NAME = "$(TARGET_NAME)";
				SWIFT_EMIT_LOC_STRINGS = NO;
				SWIFT_VERSION = 5.0;
				TARGETED_DEVICE_FAMILY = "1,2";
				TEST_HOST = "$(BUILT_PRODUCTS_DIR)/SwiftUnitLayoutTest.app/SwiftUnitLayoutTest";
			};
			name = Debug;
		};
		B135F9E227BFCDA400521EAD /* Release */ = {
			isa = XCBuildConfiguration;
			buildSettings = {
				ALWAYS_EMBED_SWIFT_STANDARD_LIBRARIES = YES;
				BUNDLE_LOADER = "$(TEST_HOST)";
				CODE_SIGN_STYLE = Automatic;
				CURRENT_PROJECT_VERSION = 1;
				DEVELOPMENT_TEAM = Y487CY958A;
				GENERATE_INFOPLIST_FILE = YES;
				IPHONEOS_DEPLOYMENT_TARGET = 15.0;
				LD_RUNPATH_SEARCH_PATHS = (
					"$(inherited)",
					"@executable_path/Frameworks",
					"@loader_path/Frameworks",
				);
				MARKETING_VERSION = 1.0;
				PRODUCT_BUNDLE_IDENTIFIER = PaoloProdossimoLopes.SwiftUnitLayoutTestTests;
				PRODUCT_NAME = "$(TARGET_NAME)";
				SWIFT_EMIT_LOC_STRINGS = NO;
				SWIFT_VERSION = 5.0;
				TARGETED_DEVICE_FAMILY = "1,2";
				TEST_HOST = "$(BUILT_PRODUCTS_DIR)/SwiftUnitLayoutTest.app/SwiftUnitLayoutTest";
			};
			name = Release;
		};
/* End XCBuildConfiguration section */

/* Begin XCConfigurationList section */
		B135F9AE27BFCDA100521EAD /* Build configuration list for PBXProject "SwiftUnitLayoutTest" */ = {
			isa = XCConfigurationList;
			buildConfigurations = (
				B135F9DB27BFCDA400521EAD /* Debug */,
				B135F9DC27BFCDA400521EAD /* Release */,
			);
			defaultConfigurationIsVisible = 0;
			defaultConfigurationName = Release;
		};
		B135F9DD27BFCDA400521EAD /* Build configuration list for PBXNativeTarget "SwiftUnitLayoutTest" */ = {
			isa = XCConfigurationList;
			buildConfigurations = (
				B135F9DE27BFCDA400521EAD /* Debug */,
				B135F9DF27BFCDA400521EAD /* Release */,
			);
			defaultConfigurationIsVisible = 0;
			defaultConfigurationName = Release;
		};
		B135F9E027BFCDA400521EAD /* Build configuration list for PBXNativeTarget "SwiftUnitLayoutTestTests" */ = {
			isa = XCConfigurationList;
			buildConfigurations = (
				B135F9E127BFCDA400521EAD /* Debug */,
				B135F9E227BFCDA400521EAD /* Release */,
			);
			defaultConfigurationIsVisible = 0;
			defaultConfigurationName = Release;
		};
/* End XCConfigurationList section */
	};
	rootObject = B135F9AB27BFCDA100521EAD /* Project object */;
}
